
Microsoft Visual Studio Solution File, Format Version 12.00
# Visual Studio 15
Project("{FAE04EC0-301F-11D3-BF4B-00C04F79EFBC}") = "Zenject", "Zenject.csproj", "{4069D4FF-EEA1-3A24-6158-D5A7DD1215F4}"
EndProject
Project("{FAE04EC0-301F-11D3-BF4B-00C04F79EFBC}") = "Assembly-CSharp", "Assembly-CSharp.csproj", "{92E2357B-E376-9192-9E19-25096DB030E2}"
EndProject
Project("{FAE04EC0-301F-11D3-BF4B-00C04F79EFBC}") = "Zenject-IntegrationTests", "Zenject-IntegrationTests.csproj", "{62102A58-7AD7-F901-5CB7-4621EAA859C9}"
EndProject
Project("{FAE04EC0-301F-11D3-BF4B-00C04F79EFBC}") = "Zenject-IntegrationTests-Editor", "Zenject-IntegrationTests-Editor.csproj", "{FF091253-D45A-1E5B-614C-0C45CB68AB83}"
EndProject
Project("{FAE04EC0-301F-11D3-BF4B-00C04F79EFBC}") = "NaughtyAttributes.Test", "NaughtyAttributes.Test.csproj", "{A71780AF-2C1F-BA19-AFFE-6A0B1A3EA5D8}"
EndProject
Project("{FAE04EC0-301F-11D3-BF4B-00C04F79EFBC}") = "NaughtyAttributes.Core", "NaughtyAttributes.Core.csproj", "{06DB6097-C4CE-937D-262A-EABABA1F514F}"
EndProject
Project("{FAE04EC0-301F-11D3-BF4B-00C04F79EFBC}") = "Assembly-CSharp-firstpass", "Assembly-CSharp-firstpass.csproj", "{AB15849C-E05D-8E15-2607-29C14D473F8F}"
EndProject
Project("{FAE04EC0-301F-11D3-BF4B-00C04F79EFBC}") = "Zenject-PoolMonitor-Editor", "Zenject-PoolMonitor-Editor.csproj", "{C020CAC4-E5E2-ED82-78DD-690145DC01E5}"
EndProject
Project("{FAE04EC0-301F-11D3-BF4B-00C04F79EFBC}") = "Zenject-UnitTests-Editor", "Zenject-UnitTests-Editor.csproj", "{2C313FDD-FA83-E33E-00A9-34B853535B45}"
EndProject
Project("{FAE04EC0-301F-11D3-BF4B-00C04F79EFBC}") = "NaughtyAttributes.Editor", "NaughtyAttributes.Editor.csproj", "{72E28E17-3C7C-0EE6-F8AB-41ED454AA605}"
EndProject
Project("{FAE04EC0-301F-11D3-BF4B-00C04F79EFBC}") = "Zenject-TestFramework", "Zenject-TestFramework.csproj", "{236343BB-ACFF-F7AC-9951-D76B89C0E2D5}"
EndProject
Project("{FAE04EC0-301F-11D3-BF4B-00C04F79EFBC}") = "Assembly-CSharp-Editor", "Assembly-CSharp-Editor.csproj", "{6A4DD6FC-FEFD-EE09-29AB-A993D45B06CC}"
EndProject
Project("{FAE04EC0-301F-11D3-BF4B-00C04F79EFBC}") = "Zenject-ReflectionBaking-Editor", "Zenject-ReflectionBaking-Editor.csproj", "{BC4049FB-9FDB-2197-6588-4204C49E841B}"
EndProject
Project("{FAE04EC0-301F-11D3-BF4B-00C04F79EFBC}") = "Zenject-Editor", "Zenject-Editor.csproj", "{03B7E68F-EF41-F285-62F2-1F0D4DFE8B74}"
EndProject
Global
	GlobalSection(SolutionConfigurationPlatforms) = preSolution
		Debug|Any CPU = Debug|Any CPU
		Release|Any CPU = Release|Any CPU
	EndGlobalSection
	GlobalSection(ProjectConfigurationPlatforms) = postSolution
		{4069D4FF-EEA1-3A24-6158-D5A7DD1215F4}.Debug|Any CPU.ActiveCfg = Debug|Any CPU
		{4069D4FF-EEA1-3A24-6158-D5A7DD1215F4}.Debug|Any CPU.Build.0 = Debug|Any CPU
		{4069D4FF-EEA1-3A24-6158-D5A7DD1215F4}.Release|Any CPU.ActiveCfg = Release|Any CPU
		{4069D4FF-EEA1-3A24-6158-D5A7DD1215F4}.Release|Any CPU.Build.0 = Release|Any CPU
		{92E2357B-E376-9192-9E19-25096DB030E2}.Debug|Any CPU.ActiveCfg = Debug|Any CPU
		{92E2357B-E376-9192-9E19-25096DB030E2}.Debug|Any CPU.Build.0 = Debug|Any CPU
		{92E2357B-E376-9192-9E19-25096DB030E2}.Release|Any CPU.ActiveCfg = Release|Any CPU
		{92E2357B-E376-9192-9E19-25096DB030E2}.Release|Any CPU.Build.0 = Release|Any CPU
		{62102A58-7AD7-F901-5CB7-4621EAA859C9}.Debug|Any CPU.ActiveCfg = Debug|Any CPU
		{62102A58-7AD7-F901-5CB7-4621EAA859C9}.Debug|Any CPU.Build.0 = Debug|Any CPU
		{62102A58-7AD7-F901-5CB7-4621EAA859C9}.Release|Any CPU.ActiveCfg = Release|Any CPU
		{62102A58-7AD7-F901-5CB7-4621EAA859C9}.Release|Any CPU.Build.0 = Release|Any CPU
		{FF091253-D45A-1E5B-614C-0C45CB68AB83}.Debug|Any CPU.ActiveCfg = Debug|Any CPU
		{FF091253-D45A-1E5B-614C-0C45CB68AB83}.Debug|Any CPU.Build.0 = Debug|Any CPU
		{FF091253-D45A-1E5B-614C-0C45CB68AB83}.Release|Any CPU.ActiveCfg = Release|Any CPU
		{FF091253-D45A-1E5B-614C-0C45CB68AB83}.Release|Any CPU.Build.0 = Release|Any CPU
		{A71780AF-2C1F-BA19-AFFE-6A0B1A3EA5D8}.Debug|Any CPU.ActiveCfg = Debug|Any CPU
		{A71780AF-2C1F-BA19-AFFE-6A0B1A3EA5D8}.Debug|Any CPU.Build.0 = Debug|Any CPU
		{A71780AF-2C1F-BA19-AFFE-6A0B1A3EA5D8}.Release|Any CPU.ActiveCfg = Release|Any CPU
		{A71780AF-2C1F-BA19-AFFE-6A0B1A3EA5D8}.Release|Any CPU.Build.0 = Release|Any CPU
		{06DB6097-C4CE-937D-262A-EABABA1F514F}.Debug|Any CPU.ActiveCfg = Debug|Any CPU
		{06DB6097-C4CE-937D-262A-EABABA1F514F}.Debug|Any CPU.Build.0 = Debug|Any CPU
		{06DB6097-C4CE-937D-262A-EABABA1F514F}.Release|Any CPU.ActiveCfg = Release|Any CPU
		{06DB6097-C4CE-937D-262A-EABABA1F514F}.Release|Any CPU.Build.0 = Release|Any CPU
		{AB15849C-E05D-8E15-2607-29C14D473F8F}.Debug|Any CPU.ActiveCfg = Debug|Any CPU
		{AB15849C-E05D-8E15-2607-29C14D473F8F}.Debug|Any CPU.Build.0 = Debug|Any CPU
		{AB15849C-E05D-8E15-2607-29C14D473F8F}.Release|Any CPU.ActiveCfg = Release|Any CPU
		{AB15849C-E05D-8E15-2607-29C14D473F8F}.Release|Any CPU.Build.0 = Release|Any CPU
		{C020CAC4-E5E2-ED82-78DD-690145DC01E5}.Debug|Any CPU.ActiveCfg = Debug|Any CPU
		{C020CAC4-E5E2-ED82-78DD-690145DC01E5}.Debug|Any CPU.Build.0 = Debug|Any CPU
		{C020CAC4-E5E2-ED82-78DD-690145DC01E5}.Release|Any CPU.ActiveCfg = Release|Any CPU
		{C020CAC4-E5E2-ED82-78DD-690145DC01E5}.Release|Any CPU.Build.0 = Release|Any CPU
		{2C313FDD-FA83-E33E-00A9-34B853535B45}.Debug|Any CPU.ActiveCfg = Debug|Any CPU
		{2C313FDD-FA83-E33E-00A9-34B853535B45}.Debug|Any CPU.Build.0 = Debug|Any CPU
		{2C313FDD-FA83-E33E-00A9-34B853535B45}.Release|Any CPU.ActiveCfg = Release|Any CPU
		{2C313FDD-FA83-E33E-00A9-34B853535B45}.Release|Any CPU.Build.0 = Release|Any CPU
		{72E28E17-3C7C-0EE6-F8AB-41ED454AA605}.Debug|Any CPU.ActiveCfg = Debug|Any CPU
		{72E28E17-3C7C-0EE6-F8AB-41ED454AA605}.Debug|Any CPU.Build.0 = Debug|Any CPU
		{72E28E17-3C7C-0EE6-F8AB-41ED454AA605}.Release|Any CPU.ActiveCfg = Release|Any CPU
		{72E28E17-3C7C-0EE6-F8AB-41ED454AA605}.Release|Any CPU.Build.0 = Release|Any CPU
		{236343BB-ACFF-F7AC-9951-D76B89C0E2D5}.Debug|Any CPU.ActiveCfg = Debug|Any CPU
		{236343BB-ACFF-F7AC-9951-D76B89C0E2D5}.Debug|Any CPU.Build.0 = Debug|Any CPU
		{236343BB-ACFF-F7AC-9951-D76B89C0E2D5}.Release|Any CPU.ActiveCfg = Release|Any CPU
		{236343BB-ACFF-F7AC-9951-D76B89C0E2D5}.Release|Any CPU.Build.0 = Release|Any CPU
		{6A4DD6FC-FEFD-EE09-29AB-A993D45B06CC}.Debug|Any CPU.ActiveCfg = Debug|Any CPU
		{6A4DD6FC-FEFD-EE09-29AB-A993D45B06CC}.Debug|Any CPU.Build.0 = Debug|Any CPU
		{6A4DD6FC-FEFD-EE09-29AB-A993D45B06CC}.Release|Any CPU.ActiveCfg = Release|Any CPU
		{6A4DD6FC-FEFD-EE09-29AB-A993D45B06CC}.Release|Any CPU.Build.0 = Release|Any CPU
		{BC4049FB-9FDB-2197-6588-4204C49E841B}.Debug|Any CPU.ActiveCfg = Debug|Any CPU
		{BC4049FB-9FDB-2197-6588-4204C49E841B}.Debug|Any CPU.Build.0 = Debug|Any CPU
		{BC4049FB-9FDB-2197-6588-4204C49E841B}.Release|Any CPU.ActiveCfg = Release|Any CPU
		{BC4049FB-9FDB-2197-6588-4204C49E841B}.Release|Any CPU.Build.0 = Release|Any CPU
		{03B7E68F-EF41-F285-62F2-1F0D4DFE8B74}.Debug|Any CPU.ActiveCfg = Debug|Any CPU
		{03B7E68F-EF41-F285-62F2-1F0D4DFE8B74}.Debug|Any CPU.Build.0 = Debug|Any CPU
		{03B7E68F-EF41-F285-62F2-1F0D4DFE8B74}.Release|Any CPU.ActiveCfg = Release|Any CPU
		{03B7E68F-EF41-F285-62F2-1F0D4DFE8B74}.Release|Any CPU.Build.0 = Release|Any CPU
	EndGlobalSection
	GlobalSection(SolutionProperties) = preSolution
		HideSolutionNode = FALSE
	EndGlobalSection
EndGlobal
